
Microsoft Visual Studio Solution File, Format Version 12.00
# Visual Studio 15
VisualStudioVersion = 15.0.28307.645
MinimumVisualStudioVersion = 10.0.40219.1
Project("{FAE04EC0-301F-11D3-BF4B-00C04F79EFBC}") = "MachineLearning", "MachineLearning\MachineLearning.csproj", "{6DF23F25-D5B3-4482-8000-EFF4EEC749D0}"
EndProject
Global
	GlobalSection(SolutionConfigurationPlatforms) = preSolution
		Debug|Any CPU = Debug|Any CPU
		Release|Any CPU = Release|Any CPU
	EndGlobalSection
	GlobalSection(ProjectConfigurationPlatforms) = postSolution
		{6DF23F25-D5B3-4482-8000-EFF4EEC749D0}.Debug|Any CPU.ActiveCfg = Debug|Any CPU
		{6DF23F25-D5B3-4482-8000-EFF4EEC749D0}.Debug|Any CPU.Build.0 = Debug|Any CPU
		{6DF23F25-D5B3-4482-8000-EFF4EEC749D0}.Release|Any CPU.ActiveCfg = Release|Any CPU
		{6DF23F25-D5B3-4482-8000-EFF4EEC749D0}.Release|Any CPU.Build.0 = Release|Any CPU
	EndGlobalSection
	GlobalSection(SolutionProperties) = preSolution
		HideSolutionNode = FALSE
	EndGlobalSection
	GlobalSection(ExtensibilityGlobals) = postSolution
		SolutionGuid = {F6AAAAFF-B8FE-4323-8333-1456B7235FF4}
	EndGlobalSection
EndGlobal
